
Microsoft Visual Studio Solution File, Format Version 11.00
# Visual Studio 2010
Project("{FAE04EC0-301F-11D3-BF4B-00C04F79EFBC}") = "ClassLibrary1", "ClassLibrary1\ClassLibrary1.csproj", "{B88D0C92-B3B1-496F-B196-D3EE8D6B8800}"
EndProject
Project("{FAE04EC0-301F-11D3-BF4B-00C04F79EFBC}") = "TheConsoleOne", "TheConsoleOne\TheConsoleOne.csproj", "{6E3AD894-C585-43F0-88DF-C7434ECD2013}"
EndProject
Project("{FAE04EC0-301F-11D3-BF4B-00C04F79EFBC}") = "TheWFormOne", "TheWFormOne\TheWFormOne.csproj", "{328F43A8-C9F3-47B8-9A29-873F757A9703}"
EndProject
Global
	GlobalSection(SolutionConfigurationPlatforms) = preSolution
		Debug|Any CPU = Debug|Any CPU
		Debug|Mixed Platforms = Debug|Mixed Platforms
		Debug|x86 = Debug|x86
		Release|Any CPU = Release|Any CPU
		Release|Mixed Platforms = Release|Mixed Platforms
		Release|x86 = Release|x86
	EndGlobalSection
	GlobalSection(ProjectConfigurationPlatforms) = postSolution
		{B88D0C92-B3B1-496F-B196-D3EE8D6B8800}.Debug|Any CPU.ActiveCfg = Debug|Any CPU
		{B88D0C92-B3B1-496F-B196-D3EE8D6B8800}.Debug|Any CPU.Build.0 = Debug|Any CPU
		{B88D0C92-B3B1-496F-B196-D3EE8D6B8800}.Debug|Mixed Platforms.ActiveCfg = Debug|Any CPU
		{B88D0C92-B3B1-496F-B196-D3EE8D6B8800}.Debug|Mixed Platforms.Build.0 = Debug|Any CPU
		{B88D0C92-B3B1-496F-B196-D3EE8D6B8800}.Debug|x86.ActiveCfg = Debug|Any CPU
		{B88D0C92-B3B1-496F-B196-D3EE8D6B8800}.Release|Any CPU.ActiveCfg = Release|Any CPU
		{B88D0C92-B3B1-496F-B196-D3EE8D6B8800}.Release|Any CPU.Build.0 = Release|Any CPU
		{B88D0C92-B3B1-496F-B196-D3EE8D6B8800}.Release|Mixed Platforms.ActiveCfg = Release|Any CPU
		{B88D0C92-B3B1-496F-B196-D3EE8D6B8800}.Release|Mixed Platforms.Build.0 = Release|Any CPU
		{B88D0C92-B3B1-496F-B196-D3EE8D6B8800}.Release|x86.ActiveCfg = Release|Any CPU
		{6E3AD894-C585-43F0-88DF-C7434ECD2013}.Debug|Any CPU.ActiveCfg = Debug|x86
		{6E3AD894-C585-43F0-88DF-C7434ECD2013}.Debug|Mixed Platforms.ActiveCfg = Debug|x86
		{6E3AD894-C585-43F0-88DF-C7434ECD2013}.Debug|Mixed Platforms.Build.0 = Debug|x86
		{6E3AD894-C585-43F0-88DF-C7434ECD2013}.Debug|x86.ActiveCfg = Debug|x86
		{6E3AD894-C585-43F0-88DF-C7434ECD2013}.Debug|x86.Build.0 = Debug|x86
		{6E3AD894-C585-43F0-88DF-C7434ECD2013}.Release|Any CPU.ActiveCfg = Release|x86
		{6E3AD894-C585-43F0-88DF-C7434ECD2013}.Release|Mixed Platforms.ActiveCfg = Release|x86
		{6E3AD894-C585-43F0-88DF-C7434ECD2013}.Release|Mixed Platforms.Build.0 = Release|x86
		{6E3AD894-C585-43F0-88DF-C7434ECD2013}.Release|x86.ActiveCfg = Release|x86
		{6E3AD894-C585-43F0-88DF-C7434ECD2013}.Release|x86.Build.0 = Release|x86
		{328F43A8-C9F3-47B8-9A29-873F757A9703}.Debug|Any CPU.ActiveCfg = Debug|x86
		{328F43A8-C9F3-47B8-9A29-873F757A9703}.Debug|Mixed Platforms.ActiveCfg = Debug|x86
		{328F43A8-C9F3-47B8-9A29-873F757A9703}.Debug|Mixed Platforms.Build.0 = Debug|x86
		{328F43A8-C9F3-47B8-9A29-873F757A9703}.Debug|x86.ActiveCfg = Debug|x86
		{328F43A8-C9F3-47B8-9A29-873F757A9703}.Debug|x86.Build.0 = Debug|x86
		{328F43A8-C9F3-47B8-9A29-873F757A9703}.Release|Any CPU.ActiveCfg = Release|x86
		{328F43A8-C9F3-47B8-9A29-873F757A9703}.Release|Mixed Platforms.ActiveCfg = Release|x86
		{328F43A8-C9F3-47B8-9A29-873F757A9703}.Release|Mixed Platforms.Build.0 = Release|x86
		{328F43A8-C9F3-47B8-9A29-873F757A9703}.Release|x86.ActiveCfg = Release|x86
		{328F43A8-C9F3-47B8-9A29-873F757A9703}.Release|x86.Build.0 = Release|x86
	EndGlobalSection
	GlobalSection(SolutionProperties) = preSolution
		HideSolutionNode = FALSE
	EndGlobalSection
EndGlobal
