
Microsoft Visual Studio Solution File, Format Version 12.00
# Visual Studio 14
VisualStudioVersion = 14.0.25420.1
MinimumVisualStudioVersion = 10.0.40219.1
Project("{FAE04EC0-301F-11D3-BF4B-00C04F79EFBC}") = "ISeaShipable", "ISeaShipable\ISeaShipable.csproj", "{09AB9DBA-8225-4E31-91B1-32153FCC072E}"
EndProject
Project("{FAE04EC0-301F-11D3-BF4B-00C04F79EFBC}") = "TheRealSeaShipClass", "TheRealSeaShipClass\TheRealSeaShipClass.csproj", "{0DD51672-AA80-42E4-8B49-9B808C44C720}"
EndProject
Project("{FAE04EC0-301F-11D3-BF4B-00C04F79EFBC}") = "OnWorkWithShipList", "OnWorkWithShipList\OnWorkWithShipList.csproj", "{CCD6A3F2-E05C-4B0E-BFBF-B63C758C0F7B}"
EndProject
Global
	GlobalSection(SolutionConfigurationPlatforms) = preSolution
		Debug|Any CPU = Debug|Any CPU
		Release|Any CPU = Release|Any CPU
	EndGlobalSection
	GlobalSection(ProjectConfigurationPlatforms) = postSolution
		{09AB9DBA-8225-4E31-91B1-32153FCC072E}.Debug|Any CPU.ActiveCfg = Debug|Any CPU
		{09AB9DBA-8225-4E31-91B1-32153FCC072E}.Debug|Any CPU.Build.0 = Debug|Any CPU
		{09AB9DBA-8225-4E31-91B1-32153FCC072E}.Release|Any CPU.ActiveCfg = Release|Any CPU
		{09AB9DBA-8225-4E31-91B1-32153FCC072E}.Release|Any CPU.Build.0 = Release|Any CPU
		{0DD51672-AA80-42E4-8B49-9B808C44C720}.Debug|Any CPU.ActiveCfg = Debug|Any CPU
		{0DD51672-AA80-42E4-8B49-9B808C44C720}.Debug|Any CPU.Build.0 = Debug|Any CPU
		{0DD51672-AA80-42E4-8B49-9B808C44C720}.Release|Any CPU.ActiveCfg = Release|Any CPU
		{0DD51672-AA80-42E4-8B49-9B808C44C720}.Release|Any CPU.Build.0 = Release|Any CPU
		{CCD6A3F2-E05C-4B0E-BFBF-B63C758C0F7B}.Debug|Any CPU.ActiveCfg = Debug|Any CPU
		{CCD6A3F2-E05C-4B0E-BFBF-B63C758C0F7B}.Debug|Any CPU.Build.0 = Debug|Any CPU
		{CCD6A3F2-E05C-4B0E-BFBF-B63C758C0F7B}.Release|Any CPU.ActiveCfg = Release|Any CPU
		{CCD6A3F2-E05C-4B0E-BFBF-B63C758C0F7B}.Release|Any CPU.Build.0 = Release|Any CPU
	EndGlobalSection
	GlobalSection(SolutionProperties) = preSolution
		HideSolutionNode = FALSE
	EndGlobalSection
EndGlobal
