
Microsoft Visual Studio Solution File, Format Version 12.00
# Visual Studio 14
VisualStudioVersion = 14.0.25420.1
MinimumVisualStudioVersion = 10.0.40219.1
Project("{FAE04EC0-301F-11D3-BF4B-00C04F79EFBC}") = "AdxWpfApplication", "WpfApplication1\AdxWpfApplication.csproj", "{9B8F392F-F585-4E09-BAFB-79ADDA2831C6}"
EndProject
Project("{FAE04EC0-301F-11D3-BF4B-00C04F79EFBC}") = "Business Logic", "Business Logic\Business Logic.csproj", "{9D2EA739-DB82-4D08-9CD1-0E94974D1DE2}"
EndProject
Project("{FAE04EC0-301F-11D3-BF4B-00C04F79EFBC}") = "DataAccessLayer", "DataAccessLayer\DataAccessLayer.csproj", "{736B36BF-5589-4A94-B8B0-E6800B9829A3}"
EndProject
Global
	GlobalSection(SolutionConfigurationPlatforms) = preSolution
		Debug|Any CPU = Debug|Any CPU
		Release|Any CPU = Release|Any CPU
	EndGlobalSection
	GlobalSection(ProjectConfigurationPlatforms) = postSolution
		{9B8F392F-F585-4E09-BAFB-79ADDA2831C6}.Debug|Any CPU.ActiveCfg = Debug|Any CPU
		{9B8F392F-F585-4E09-BAFB-79ADDA2831C6}.Debug|Any CPU.Build.0 = Debug|Any CPU
		{9B8F392F-F585-4E09-BAFB-79ADDA2831C6}.Release|Any CPU.ActiveCfg = Release|Any CPU
		{9B8F392F-F585-4E09-BAFB-79ADDA2831C6}.Release|Any CPU.Build.0 = Release|Any CPU
		{9D2EA739-DB82-4D08-9CD1-0E94974D1DE2}.Debug|Any CPU.ActiveCfg = Debug|Any CPU
		{9D2EA739-DB82-4D08-9CD1-0E94974D1DE2}.Debug|Any CPU.Build.0 = Debug|Any CPU
		{9D2EA739-DB82-4D08-9CD1-0E94974D1DE2}.Release|Any CPU.ActiveCfg = Release|Any CPU
		{9D2EA739-DB82-4D08-9CD1-0E94974D1DE2}.Release|Any CPU.Build.0 = Release|Any CPU
		{736B36BF-5589-4A94-B8B0-E6800B9829A3}.Debug|Any CPU.ActiveCfg = Debug|Any CPU
		{736B36BF-5589-4A94-B8B0-E6800B9829A3}.Debug|Any CPU.Build.0 = Debug|Any CPU
		{736B36BF-5589-4A94-B8B0-E6800B9829A3}.Release|Any CPU.ActiveCfg = Release|Any CPU
		{736B36BF-5589-4A94-B8B0-E6800B9829A3}.Release|Any CPU.Build.0 = Release|Any CPU
	EndGlobalSection
	GlobalSection(SolutionProperties) = preSolution
		HideSolutionNode = FALSE
	EndGlobalSection
EndGlobal
